
Microsoft Visual Studio Solution File, Format Version 12.00
# Visual Studio Version 17
VisualStudioVersion = 17.5.33424.131
MinimumVisualStudioVersion = 10.0.40219.1
Project("{FAE04EC0-301F-11D3-BF4B-00C04F79EFBC}") = "OOP_Kursach_09", "OOP_Kursach_Museum\OOP_Kursach_09.csproj", "{6AEE2B7A-8742-47D1-8EA1-A5FFC46D3CD9}"
EndProject
Global
	GlobalSection(SolutionConfigurationPlatforms) = preSolution
		Debug|Any CPU = Debug|Any CPU
		Release|Any CPU = Release|Any CPU
	EndGlobalSection
	GlobalSection(ProjectConfigurationPlatforms) = postSolution
		{6AEE2B7A-8742-47D1-8EA1-A5FFC46D3CD9}.Debug|Any CPU.ActiveCfg = Debug|Any CPU
		{6AEE2B7A-8742-47D1-8EA1-A5FFC46D3CD9}.Debug|Any CPU.Build.0 = Debug|Any CPU
		{6AEE2B7A-8742-47D1-8EA1-A5FFC46D3CD9}.Release|Any CPU.ActiveCfg = Release|Any CPU
		{6AEE2B7A-8742-47D1-8EA1-A5FFC46D3CD9}.Release|Any CPU.Build.0 = Release|Any CPU
	EndGlobalSection
	GlobalSection(SolutionProperties) = preSolution
		HideSolutionNode = FALSE
	EndGlobalSection
	GlobalSection(ExtensibilityGlobals) = postSolution
		SolutionGuid = {277CCAED-F89E-4B8C-BB65-71E85A5F02A8}
	EndGlobalSection
EndGlobal
